// !$*UTF8*$!
{
	archiveVersion = 1;
	classes = {
	};
	objectVersion = 46;
	objects = {

/* Begin PBXBuildFile section */
		61DFC09C1E48A94B0017923C /* AppDelegate.swift in Sources */ = {isa = PBXBuildFile; fileRef = 61DFC09B1E48A94B0017923C /* AppDelegate.swift */; };
		61DFC09E1E48A94B0017923C /* ViewController.swift in Sources */ = {isa = PBXBuildFile; fileRef = 61DFC09D1E48A94B0017923C /* ViewController.swift */; };
		61DFC0A11E48A94B0017923C /* Main.storyboard in Resources */ = {isa = PBXBuildFile; fileRef = 61DFC09F1E48A94B0017923C /* Main.storyboard */; };
		61DFC0A31E48A94B0017923C /* Assets.xcassets in Resources */ = {isa = PBXBuildFile; fileRef = 61DFC0A21E48A94B0017923C /* Assets.xcassets */; };
		61DFC0A61E48A94B0017923C /* LaunchScreen.storyboard in Resources */ = {isa = PBXBuildFile; fileRef = 61DFC0A41E48A94B0017923C /* LaunchScreen.storyboard */; };
/* End PBXBuildFile section */

/* Begin PBXFileReference section */
		61DFC0981E48A94B0017923C /* aniamal-adoption.app */ = {isa = PBXFileReference; explicitFileType = wrapper.application; includeInIndex = 0; path = "aniamal-adoption.app"; sourceTree = BUILT_PRODUCTS_DIR; };
		61DFC09B1E48A94B0017923C /* AppDelegate.swift */ = {isa = PBXFileReference; lastKnownFileType = sourcecode.swift; path = AppDelegate.swift; sourceTree = "<group>"; };
		61DFC09D1E48A94B0017923C /* ViewController.swift */ = {isa = PBXFileReference; lastKnownFileType = sourcecode.swift; path = ViewController.swift; sourceTree = "<group>"; };
		61DFC0A01E48A94B0017923C /* Base */ = {isa = PBXFileReference; lastKnownFileType = file.storyboard; name = Base; path = Base.lproj/Main.storyboard; sourceTree = "<group>"; };
		61DFC0A21E48A94B0017923C /* Assets.xcassets */ = {isa = PBXFileReference; lastKnownFileType = folder.assetcatalog; path = Assets.xcassets; sourceTree = "<group>"; };
		61DFC0A51E48A94B0017923C /* Base */ = {isa = PBXFileReference; lastKnownFileType = file.storyboard; name = Base; path = Base.lproj/LaunchScreen.storyboard; sourceTree = "<group>"; };
		61DFC0A71E48A94B0017923C /* Info.plist */ = {isa = PBXFileReference; lastKnownFileType = text.plist.xml; path = Info.plist; sourceTree = "<group>"; };
/* End PBXFileReference section */

/* Begin PBXFrameworksBuildPhase section */
		61DFC0951E48A94B0017923C /* Frameworks */ = {
			isa = PBXFrameworksBuildPhase;
			buildActionMask = 2147483647;
			files = (
			);
			runOnlyForDeploymentPostprocessing = 0;
		};
/* End PBXFrameworksBuildPhase section */

/* Begin PBXGroup section */
		61DFC08F1E48A94A0017923C = {
			isa = PBXGroup;
			children = (
				61DFC09A1E48A94B0017923C /* aniamal-adoption */,
				61DFC0991E48A94B0017923C /* Products */,
			);
			sourceTree = "<group>";
		};
		61DFC0991E48A94B0017923C /* Products */ = {
			isa = PBXGroup;
			children = (
				61DFC0981E48A94B0017923C /* aniamal-adoption.app */,
			);
			name = Products;
			sourceTree = "<group>";
		};
		61DFC09A1E48A94B0017923C /* aniamal-adoption */ = {
			isa = PBXGroup;
			children = (
				61DFC09B1E48A94B0017923C /* AppDelegate.swift */,
				61DFC09D1E48A94B0017923C /* ViewController.swift */,
				61DFC09F1E48A94B0017923C /* Main.storyboard */,
				61DFC0A21E48A94B0017923C /* Assets.xcassets */,
				61DFC0A41E48A94B0017923C /* LaunchScreen.storyboard */,
				61DFC0A71E48A94B0017923C /* Info.plist */,
			);
			path = "aniamal-adoption";
			sourceTree = "<group>";
		};
/* End PBXGroup section */

/* Begin PBXNativeTarget section */
		61DFC0971E48A94B0017923C /* aniamal-adoption */ = {
			isa = PBXNativeTarget;
			buildConfigurationList = 61DFC0AA1E48A94B0017923C /* Build configuration list for PBXNativeTarget "aniamal-adoption" */;
			buildPhases = (
				61DFC0941E48A94B0017923C /* Sources */,
				61DFC0951E48A94B0017923C /* Frameworks */,
				61DFC0961E48A94B0017923C /* Resources */,
			);
			buildRules = (
			);
			dependencies = (
			);
			name = "aniamal-adoption";
			productName = "aniamal-adoption";
			productReference = 61DFC0981E48A94B0017923C /* aniamal-adoption.app */;
			productType = "com.apple.product-type.application";
		};
/* End PBXNativeTarget section */

/* Begin PBXProject section */
		61DFC0901E48A94A0017923C /* Project object */ = {
			isa = PBXProject;
			attributes = {
				LastSwiftUpdateCheck = 0820;
				LastUpgradeCheck = 0820;
				ORGANIZATIONNAME = "吳建豪";
				TargetAttributes = {
					61DFC0971E48A94B0017923C = {
						CreatedOnToolsVersion = 8.2.1;
						DevelopmentTeam = 4ANE8KXCD8;
						ProvisioningStyle = Automatic;
					};
				};
			};
			buildConfigurationList = 61DFC0931E48A94A0017923C /* Build configuration list for PBXProject "aniamal-adoption" */;
			compatibilityVersion = "Xcode 3.2";
			developmentRegion = English;
			hasScannedForEncodings = 0;
			knownRegions = (
				en,
				Base,
			);
			mainGroup = 61DFC08F1E48A94A0017923C;
			productRefGroup = 61DFC0991E48A94B0017923C /* Products */;
			projectDirPath = "";
			projectRoot = "";
			targets = (
				61DFC0971E48A94B0017923C /* aniamal-adoption */,
			);
		};
/* End PBXProject section */

/* Begin PBXResourcesBuildPhase section */
		61DFC0961E48A94B0017923C /* Resources */ = {
			isa = PBXResourcesBuildPhase;
			buildActionMask = 2147483647;
			files = (
				61DFC0A61E48A94B0017923C /* LaunchScreen.storyboard in Resources */,
				61DFC0A31E48A94B0017923C /* Assets.xcassets in Resources */,
				61DFC0A11E48A94B0017923C /* Main.storyboard in Resources */,
			);
			runOnlyForDeploymentPostprocessing = 0;
		};
/* End PBXResourcesBuildPhase section */

/* Begin PBXSourcesBuildPhase section */
		61DFC0941E48A94B0017923C /* Sources */ = {
			isa = PBXSourcesBuildPhase;
			buildActionMask = 2147483647;
			files = (
				61DFC09E1E48A94B0017923C /* ViewController.swift in Sources */,
				61DFC09C1E48A94B0017923C /* AppDelegate.swift in Sources */,
			);
			runOnlyForDeploymentPostprocessing = 0;
		};
/* End PBXSourcesBuildPhase section */

/* Begin PBXVariantGroup section */
		61DFC09F1E48A94B0017923C /* Main.storyboard */ = {
			isa = PBXVariantGroup;
			children = (
				61DFC0A01E48A94B0017923C /* Base */,
			);
			name = Main.storyboard;
			sourceTree = "<group>";
		};
		61DFC0A41E48A94B0017923C /* LaunchScreen.storyboard */ = {
			isa = PBXVariantGroup;
			children = (
				61DFC0A51E48A94B0017923C /* Base */,
			);
			name = LaunchScreen.storyboard;
			sourceTree = "<group>";
		};
/* End PBXVariantGroup section */

/* Begin XCBuildConfiguration section */
		61DFC0A81E48A94B0017923C /* Debug */ = {
			isa = XCBuildConfiguration;
			buildSettings = {
				ALWAYS_SEARCH_USER_PATHS = NO;
				CLANG_ANALYZER_NONNULL = YES;
				CLANG_CXX_LANGUAGE_STANDARD = "gnu++0x";
				CLANG_CXX_LIBRARY = "libc++";
				CLANG_ENABLE_MODULES = YES;
				CLANG_ENABLE_OBJC_ARC = YES;
				CLANG_WARN_BOOL_CONVERSION = YES;
				CLANG_WARN_CONSTANT_CONVERSION = YES;
				CLANG_WARN_DIRECT_OBJC_ISA_USAGE = YES_ERROR;
				CLANG_WARN_DOCUMENTATION_COMMENTS = YES;
				CLANG_WARN_EMPTY_BODY = YES;
				CLANG_WARN_ENUM_CONVERSION = YES;
				CLANG_WARN_INFINITE_RECURSION = YES;
				CLANG_WARN_INT_CONVERSION = YES;
				CLANG_WARN_OBJC_ROOT_CLASS = YES_ERROR;
				CLANG_WARN_SUSPICIOUS_MOVE = YES;
				CLANG_WARN_UNREACHABLE_CODE = YES;
				CLANG_WARN__DUPLICATE_METHOD_MATCH = YES;
				"CODE_SIGN_IDENTITY[sdk=iphoneos*]" = "iPhone Developer";
				COPY_PHASE_STRIP = NO;
				DEBUG_INFORMATION_FORMAT = dwarf;
				ENABLE_STRICT_OBJC_MSGSEND = YES;
				ENABLE_TESTABILITY = YES;
				GCC_C_LANGUAGE_STANDARD = gnu99;
				GCC_DYNAMIC_NO_PIC = NO;
				GCC_NO_COMMON_BLOCKS = YES;
				GCC_OPTIMIZATION_LEVEL = 0;
				GCC_PREPROCESSOR_DEFINITIONS = (
					"DEBUG=1",
					"$(inherited)",
				);
				GCC_WARN_64_TO_32_BIT_CONVERSION = YES;
				GCC_WARN_ABOUT_RETURN_TYPE = YES_ERROR;
				GCC_WARN_UNDECLARED_SELECTOR = YES;
				GCC_WARN_UNINITIALIZED_AUTOS = YES_AGGRESSIVE;
				GCC_WARN_UNUSED_FUNCTION = YES;
				GCC_WARN_UNUSED_VARIABLE = YES;
				IPHONEOS_DEPLOYMENT_TARGET = 10.2;
				MTL_ENABLE_DEBUG_INFO = YES;
				ONLY_ACTIVE_ARCH = YES;
				SDKROOT = iphoneos;
				SWIFT_ACTIVE_COMPILATION_CONDITIONS = DEBUG;
				SWIFT_OPTIMIZATION_LEVEL = "-Onone";
				TARGETED_DEVICE_FAMILY = "1,2";
			};
			name = Debug;
		};
		61DFC0A91E48A94B0017923C /* Release */ = {
			isa = XCBuildConfiguration;
			buildSettings = {
				ALWAYS_SEARCH_USER_PATHS = NO;
				CLANG_ANALYZER_NONNULL = YES;
				CLANG_CXX_LANGUAGE_STANDARD = "gnu++0x";
				CLANG_CXX_LIBRARY = "libc++";
				CLANG_ENABLE_MODULES = YES;
				CLANG_ENABLE_OBJC_ARC = YES;
				CLANG_WARN_BOOL_CONVERSION = YES;
				CLANG_WARN_CONSTANT_CONVERSION = YES;
				CLANG_WARN_DIRECT_OBJC_ISA_USAGE = YES_ERROR;
				CLANG_WARN_DOCUMENTATION_COMMENTS = YES;
				CLANG_WARN_EMPTY_BODY = YES;
				CLANG_WARN_ENUM_CONVERSION = YES;
				CLANG_WARN_INFINITE_RECURSION = YES;
				CLANG_WARN_INT_CONVERSION = YES;
				CLANG_WARN_OBJC_ROOT_CLASS = YES_ERROR;
				CLANG_WARN_SUSPICIOUS_MOVE = YES;
				CLANG_WARN_UNREACHABLE_CODE = YES;
				CLANG_WARN__DUPLICATE_METHOD_MATCH = YES;
				"CODE_SIGN_IDENTITY[sdk=iphoneos*]" = "iPhone Developer";
				COPY_PHASE_STRIP = NO;
				DEBUG_INFORMATION_FORMAT = "dwarf-with-dsym";
				ENABLE_NS_ASSERTIONS = NO;
				ENABLE_STRICT_OBJC_MSGSEND = YES;
				GCC_C_LANGUAGE_STANDARD = gnu99;
				GCC_NO_COMMON_BLOCKS = YES;
				GCC_WARN_64_TO_32_BIT_CONVERSION = YES;
				GCC_WARN_ABOUT_RETURN_TYPE = YES_ERROR;
				GCC_WARN_UNDECLARED_SELECTOR = YES;
				GCC_WARN_UNINITIALIZED_AUTOS = YES_AGGRESSIVE;
				GCC_WARN_UNUSED_FUNCTION = YES;
				GCC_WARN_UNUSED_VARIABLE = YES;
				IPHONEOS_DEPLOYMENT_TARGET = 10.2;
				MTL_ENABLE_DEBUG_INFO = NO;
				SDKROOT = iphoneos;
				SWIFT_OPTIMIZATION_LEVEL = "-Owholemodule";
				TARGETED_DEVICE_FAMILY = "1,2";
				VALIDATE_PRODUCT = YES;
			};
			name = Release;
		};
		61DFC0AB1E48A94B0017923C /* Debug */ = {
			isa = XCBuildConfiguration;
			buildSettings = {
				ASSETCATALOG_COMPILER_APPICON_NAME = AppIcon;
				DEVELOPMENT_TEAM = 4ANE8KXCD8;
				INFOPLIST_FILE = "aniamal-adoption/Info.plist";
				LD_RUNPATH_SEARCH_PATHS = "$(inherited) @executable_path/Frameworks";
				PRODUCT_BUNDLE_IDENTIFIER = "vanness-wu.aniamal-adoption";
				PRODUCT_NAME = "$(TARGET_NAME)";
				SWIFT_VERSION = 3.0;
			};
			name = Debug;
		};
		61DFC0AC1E48A94B0017923C /* Release */ = {
			isa = XCBuildConfiguration;
			buildSettings = {
				ASSETCATALOG_COMPILER_APPICON_NAME = AppIcon;
				DEVELOPMENT_TEAM = 4ANE8KXCD8;
				INFOPLIST_FILE = "aniamal-adoption/Info.plist";
				LD_RUNPATH_SEARCH_PATHS = "$(inherited) @executable_path/Frameworks";
				PRODUCT_BUNDLE_IDENTIFIER = "vanness-wu.aniamal-adoption";
				PRODUCT_NAME = "$(TARGET_NAME)";
				SWIFT_VERSION = 3.0;
			};
			name = Release;
		};
/* End XCBuildConfiguration section */

/* Begin XCConfigurationList section */
		61DFC0931E48A94A0017923C /* Build configuration list for PBXProject "aniamal-adoption" */ = {
			isa = XCConfigurationList;
			buildConfigurations = (
				61DFC0A81E48A94B0017923C /* Debug */,
				61DFC0A91E48A94B0017923C /* Release */,
			);
			defaultConfigurationIsVisible = 0;
			defaultConfigurationName = Release;
		};
		61DFC0AA1E48A94B0017923C /* Build configuration list for PBXNativeTarget "aniamal-adoption" */ = {
			isa = XCConfigurationList;
			buildConfigurations = (
				61DFC0AB1E48A94B0017923C /* Debug */,
				61DFC0AC1E48A94B0017923C /* Release */,
			);
			defaultConfigurationIsVisible = 0;
		};
/* End XCConfigurationList section */
	};
	rootObject = 61DFC0901E48A94A0017923C /* Project object */;
}
