// !$*UTF8*$!
{
	archiveVersion = 1;
	classes = {
	};
	objectVersion = 46;
	objects = {

/* Begin PBXBuildFile section */
		6184618A1E48DB860062E0FE /* ApiService.swift in Sources */ = {isa = PBXBuildFile; fileRef = 618461891E48DB860062E0FE /* ApiService.swift */; };
		6184618C1E49C8DB0062E0FE /* AnimalDetailViewController.swift in Sources */ = {isa = PBXBuildFile; fileRef = 6184618B1E49C8DB0062E0FE /* AnimalDetailViewController.swift */; };
		6184618E1E49E26D0062E0FE /* DetailCell.swift in Sources */ = {isa = PBXBuildFile; fileRef = 6184618D1E49E26D0062E0FE /* DetailCell.swift */; };
		618461901E4AB4920062E0FE /* SearchLauncher.swift in Sources */ = {isa = PBXBuildFile; fileRef = 6184618F1E4AB4920062E0FE /* SearchLauncher.swift */; };
		618461921E4AB71A0062E0FE /* searchCell.swift in Sources */ = {isa = PBXBuildFile; fileRef = 618461911E4AB71A0062E0FE /* searchCell.swift */; };
		618461C01E4C293B0062E0FE /* MenuBar.swift in Sources */ = {isa = PBXBuildFile; fileRef = 618461BF1E4C293B0062E0FE /* MenuBar.swift */; };
		61DFC09C1E48A94B0017923C /* AppDelegate.swift in Sources */ = {isa = PBXBuildFile; fileRef = 61DFC09B1E48A94B0017923C /* AppDelegate.swift */; };
		61DFC09E1E48A94B0017923C /* HomeViewController.swift in Sources */ = {isa = PBXBuildFile; fileRef = 61DFC09D1E48A94B0017923C /* HomeViewController.swift */; };
		61DFC0A31E48A94B0017923C /* Assets.xcassets in Resources */ = {isa = PBXBuildFile; fileRef = 61DFC0A21E48A94B0017923C /* Assets.xcassets */; };
		61DFC0A61E48A94B0017923C /* LaunchScreen.storyboard in Resources */ = {isa = PBXBuildFile; fileRef = 61DFC0A41E48A94B0017923C /* LaunchScreen.storyboard */; };
		61DFC0AE1E48B50E0017923C /* BaseCell.swift in Sources */ = {isa = PBXBuildFile; fileRef = 61DFC0AD1E48B50E0017923C /* BaseCell.swift */; };
		61DFC0B11E48B7780017923C /* AnimalCell.swift in Sources */ = {isa = PBXBuildFile; fileRef = 61DFC0B01E48B7780017923C /* AnimalCell.swift */; };
		61DFC0B61E48CA190017923C /* Animals.swift in Sources */ = {isa = PBXBuildFile; fileRef = 61DFC0B51E48CA190017923C /* Animals.swift */; };
		7DFD13CBC7C0EA79EC8E371A /* Pods_aniamal_adoption.framework in Frameworks */ = {isa = PBXBuildFile; fileRef = 51049384F6230C4046F5C20C /* Pods_aniamal_adoption.framework */; };
/* End PBXBuildFile section */

/* Begin PBXFileReference section */
		51049384F6230C4046F5C20C /* Pods_aniamal_adoption.framework */ = {isa = PBXFileReference; explicitFileType = wrapper.framework; includeInIndex = 0; path = Pods_aniamal_adoption.framework; sourceTree = BUILT_PRODUCTS_DIR; };
		618461891E48DB860062E0FE /* ApiService.swift */ = {isa = PBXFileReference; fileEncoding = 4; lastKnownFileType = sourcecode.swift; path = ApiService.swift; sourceTree = "<group>"; };
		6184618B1E49C8DB0062E0FE /* AnimalDetailViewController.swift */ = {isa = PBXFileReference; fileEncoding = 4; lastKnownFileType = sourcecode.swift; path = AnimalDetailViewController.swift; sourceTree = "<group>"; };
		6184618D1E49E26D0062E0FE /* DetailCell.swift */ = {isa = PBXFileReference; fileEncoding = 4; lastKnownFileType = sourcecode.swift; path = DetailCell.swift; sourceTree = "<group>"; };
		6184618F1E4AB4920062E0FE /* SearchLauncher.swift */ = {isa = PBXFileReference; fileEncoding = 4; lastKnownFileType = sourcecode.swift; path = SearchLauncher.swift; sourceTree = "<group>"; };
		618461911E4AB71A0062E0FE /* searchCell.swift */ = {isa = PBXFileReference; fileEncoding = 4; lastKnownFileType = sourcecode.swift; path = searchCell.swift; sourceTree = "<group>"; };
		618461BF1E4C293B0062E0FE /* MenuBar.swift */ = {isa = PBXFileReference; fileEncoding = 4; lastKnownFileType = sourcecode.swift; path = MenuBar.swift; sourceTree = "<group>"; };
		61DFC0981E48A94B0017923C /* animal-adoption.app */ = {isa = PBXFileReference; explicitFileType = wrapper.application; includeInIndex = 0; path = "animal-adoption.app"; sourceTree = BUILT_PRODUCTS_DIR; };
		61DFC09B1E48A94B0017923C /* AppDelegate.swift */ = {isa = PBXFileReference; lastKnownFileType = sourcecode.swift; path = AppDelegate.swift; sourceTree = "<group>"; };
		61DFC09D1E48A94B0017923C /* HomeViewController.swift */ = {isa = PBXFileReference; lastKnownFileType = sourcecode.swift; path = HomeViewController.swift; sourceTree = "<group>"; };
		61DFC0A21E48A94B0017923C /* Assets.xcassets */ = {isa = PBXFileReference; lastKnownFileType = folder.assetcatalog; path = Assets.xcassets; sourceTree = "<group>"; };
		61DFC0A51E48A94B0017923C /* Base */ = {isa = PBXFileReference; lastKnownFileType = file.storyboard; name = Base; path = Base.lproj/LaunchScreen.storyboard; sourceTree = "<group>"; };
		61DFC0A71E48A94B0017923C /* Info.plist */ = {isa = PBXFileReference; lastKnownFileType = text.plist.xml; path = Info.plist; sourceTree = "<group>"; };
		61DFC0AD1E48B50E0017923C /* BaseCell.swift */ = {isa = PBXFileReference; fileEncoding = 4; lastKnownFileType = sourcecode.swift; path = BaseCell.swift; sourceTree = "<group>"; };
		61DFC0B01E48B7780017923C /* AnimalCell.swift */ = {isa = PBXFileReference; fileEncoding = 4; lastKnownFileType = sourcecode.swift; path = AnimalCell.swift; sourceTree = "<group>"; };
		61DFC0B51E48CA190017923C /* Animals.swift */ = {isa = PBXFileReference; fileEncoding = 4; lastKnownFileType = sourcecode.swift; path = Animals.swift; sourceTree = "<group>"; };
		78CDC2F20FFBC07627F21866 /* Pods-aniamal-adoption.release.xcconfig */ = {isa = PBXFileReference; includeInIndex = 1; lastKnownFileType = text.xcconfig; name = "Pods-aniamal-adoption.release.xcconfig"; path = "Pods/Target Support Files/Pods-aniamal-adoption/Pods-aniamal-adoption.release.xcconfig"; sourceTree = "<group>"; };
		A4CC2BD5737D4B3B3081DB26 /* Pods-aniamal-adoption.debug.xcconfig */ = {isa = PBXFileReference; includeInIndex = 1; lastKnownFileType = text.xcconfig; name = "Pods-aniamal-adoption.debug.xcconfig"; path = "Pods/Target Support Files/Pods-aniamal-adoption/Pods-aniamal-adoption.debug.xcconfig"; sourceTree = "<group>"; };
/* End PBXFileReference section */

/* Begin PBXFrameworksBuildPhase section */
		61DFC0951E48A94B0017923C /* Frameworks */ = {
			isa = PBXFrameworksBuildPhase;
			buildActionMask = 2147483647;
			files = (
				7DFD13CBC7C0EA79EC8E371A /* Pods_aniamal_adoption.framework in Frameworks */,
			);
			runOnlyForDeploymentPostprocessing = 0;
		};
/* End PBXFrameworksBuildPhase section */

/* Begin PBXGroup section */
		237E7D2406232F2D02C53329 /* Frameworks */ = {
			isa = PBXGroup;
			children = (
				51049384F6230C4046F5C20C /* Pods_aniamal_adoption.framework */,
			);
			name = Frameworks;
			sourceTree = "<group>";
		};
		61DFC08F1E48A94A0017923C = {
			isa = PBXGroup;
			children = (
				61DFC09A1E48A94B0017923C /* animal-adoption */,
				61DFC0991E48A94B0017923C /* Products */,
				AAF8256DE9F0FE96E0AE8574 /* Pods */,
				237E7D2406232F2D02C53329 /* Frameworks */,
			);
			sourceTree = "<group>";
		};
		61DFC0991E48A94B0017923C /* Products */ = {
			isa = PBXGroup;
			children = (
				61DFC0981E48A94B0017923C /* animal-adoption.app */,
			);
			name = Products;
			sourceTree = "<group>";
		};
		61DFC09A1E48A94B0017923C /* animal-adoption */ = {
			isa = PBXGroup;
			children = (
				618461891E48DB860062E0FE /* ApiService.swift */,
				61DFC0AF1E48B5250017923C /* View */,
				61DFC0B21E48BB3A0017923C /* ViewController */,
				61DFC0B71E48CA200017923C /* model */,
				61DFC0A21E48A94B0017923C /* Assets.xcassets */,
				61DFC0A41E48A94B0017923C /* LaunchScreen.storyboard */,
				61DFC0A71E48A94B0017923C /* Info.plist */,
				61DFC09B1E48A94B0017923C /* AppDelegate.swift */,
			);
			name = "animal-adoption";
			path = "aniamal-adoption";
			sourceTree = "<group>";
		};
		61DFC0AF1E48B5250017923C /* View */ = {
			isa = PBXGroup;
			children = (
				61DFC0AD1E48B50E0017923C /* BaseCell.swift */,
				618461BF1E4C293B0062E0FE /* MenuBar.swift */,
				6184618D1E49E26D0062E0FE /* DetailCell.swift */,
				61DFC0B01E48B7780017923C /* AnimalCell.swift */,
				618461911E4AB71A0062E0FE /* searchCell.swift */,
			);
			name = View;
			sourceTree = "<group>";
		};
		61DFC0B21E48BB3A0017923C /* ViewController */ = {
			isa = PBXGroup;
			children = (
				61DFC09D1E48A94B0017923C /* HomeViewController.swift */,
				6184618F1E4AB4920062E0FE /* SearchLauncher.swift */,
				6184618B1E49C8DB0062E0FE /* AnimalDetailViewController.swift */,
			);
			name = ViewController;
			sourceTree = "<group>";
		};
		61DFC0B71E48CA200017923C /* model */ = {
			isa = PBXGroup;
			children = (
				61DFC0B51E48CA190017923C /* Animals.swift */,
			);
			name = model;
			sourceTree = "<group>";
		};
		AAF8256DE9F0FE96E0AE8574 /* Pods */ = {
			isa = PBXGroup;
			children = (
				A4CC2BD5737D4B3B3081DB26 /* Pods-aniamal-adoption.debug.xcconfig */,
				78CDC2F20FFBC07627F21866 /* Pods-aniamal-adoption.release.xcconfig */,
			);
			name = Pods;
			sourceTree = "<group>";
		};
/* End PBXGroup section */

/* Begin PBXNativeTarget section */
		61DFC0971E48A94B0017923C /* animal-adoption */ = {
			isa = PBXNativeTarget;
			buildConfigurationList = 61DFC0AA1E48A94B0017923C /* Build configuration list for PBXNativeTarget "animal-adoption" */;
			buildPhases = (
				D6D7A88971216BE48CAD5812 /* [CP] Check Pods Manifest.lock */,
				61DFC0941E48A94B0017923C /* Sources */,
				61DFC0951E48A94B0017923C /* Frameworks */,
				61DFC0961E48A94B0017923C /* Resources */,
				B1656CF1396DBD4D5D89B9AE /* [CP] Embed Pods Frameworks */,
				631C35239210ADF98D7B0361 /* [CP] Copy Pods Resources */,
			);
			buildRules = (
			);
			dependencies = (
			);
			name = "animal-adoption";
			productName = "aniamal-adoption";
			productReference = 61DFC0981E48A94B0017923C /* animal-adoption.app */;
			productType = "com.apple.product-type.application";
		};
/* End PBXNativeTarget section */

/* Begin PBXProject section */
		61DFC0901E48A94A0017923C /* Project object */ = {
			isa = PBXProject;
			attributes = {
				LastSwiftUpdateCheck = 0820;
				LastUpgradeCheck = 0820;
				ORGANIZATIONNAME = "吳建豪";
				TargetAttributes = {
					61DFC0971E48A94B0017923C = {
						CreatedOnToolsVersion = 8.2.1;
						DevelopmentTeam = 4ANE8KXCD8;
						ProvisioningStyle = Automatic;
					};
				};
			};
			buildConfigurationList = 61DFC0931E48A94A0017923C /* Build configuration list for PBXProject "animal-adoption" */;
			compatibilityVersion = "Xcode 3.2";
			developmentRegion = English;
			hasScannedForEncodings = 0;
			knownRegions = (
				en,
				Base,
			);
			mainGroup = 61DFC08F1E48A94A0017923C;
			productRefGroup = 61DFC0991E48A94B0017923C /* Products */;
			projectDirPath = "";
			projectRoot = "";
			targets = (
				61DFC0971E48A94B0017923C /* animal-adoption */,
			);
		};
/* End PBXProject section */

/* Begin PBXResourcesBuildPhase section */
		61DFC0961E48A94B0017923C /* Resources */ = {
			isa = PBXResourcesBuildPhase;
			buildActionMask = 2147483647;
			files = (
				61DFC0A61E48A94B0017923C /* LaunchScreen.storyboard in Resources */,
				61DFC0A31E48A94B0017923C /* Assets.xcassets in Resources */,
			);
			runOnlyForDeploymentPostprocessing = 0;
		};
/* End PBXResourcesBuildPhase section */

/* Begin PBXShellScriptBuildPhase section */
		631C35239210ADF98D7B0361 /* [CP] Copy Pods Resources */ = {
			isa = PBXShellScriptBuildPhase;
			buildActionMask = 2147483647;
			files = (
			);
			inputPaths = (
			);
			name = "[CP] Copy Pods Resources";
			outputPaths = (
			);
			runOnlyForDeploymentPostprocessing = 0;
			shellPath = /bin/sh;
			shellScript = "\"${SRCROOT}/Pods/Target Support Files/Pods-aniamal-adoption/Pods-aniamal-adoption-resources.sh\"\n";
			showEnvVarsInLog = 0;
		};
		B1656CF1396DBD4D5D89B9AE /* [CP] Embed Pods Frameworks */ = {
			isa = PBXShellScriptBuildPhase;
			buildActionMask = 2147483647;
			files = (
			);
			inputPaths = (
			);
			name = "[CP] Embed Pods Frameworks";
			outputPaths = (
			);
			runOnlyForDeploymentPostprocessing = 0;
			shellPath = /bin/sh;
			shellScript = "\"${SRCROOT}/Pods/Target Support Files/Pods-aniamal-adoption/Pods-aniamal-adoption-frameworks.sh\"\n";
			showEnvVarsInLog = 0;
		};
		D6D7A88971216BE48CAD5812 /* [CP] Check Pods Manifest.lock */ = {
			isa = PBXShellScriptBuildPhase;
			buildActionMask = 2147483647;
			files = (
			);
			inputPaths = (
			);
			name = "[CP] Check Pods Manifest.lock";
			outputPaths = (
			);
			runOnlyForDeploymentPostprocessing = 0;
			shellPath = /bin/sh;
			shellScript = "diff \"${PODS_ROOT}/../Podfile.lock\" \"${PODS_ROOT}/Manifest.lock\" > /dev/null\nif [ $? != 0 ] ; then\n    # print error to STDERR\n    echo \"error: The sandbox is not in sync with the Podfile.lock. Run 'pod install' or update your CocoaPods installation.\" >&2\n    exit 1\nfi\n";
			showEnvVarsInLog = 0;
		};
/* End PBXShellScriptBuildPhase section */

/* Begin PBXSourcesBuildPhase section */
		61DFC0941E48A94B0017923C /* Sources */ = {
			isa = PBXSourcesBuildPhase;
			buildActionMask = 2147483647;
			files = (
				61DFC09E1E48A94B0017923C /* HomeViewController.swift in Sources */,
				618461921E4AB71A0062E0FE /* searchCell.swift in Sources */,
				61DFC0B61E48CA190017923C /* Animals.swift in Sources */,
				61DFC0AE1E48B50E0017923C /* BaseCell.swift in Sources */,
				618461901E4AB4920062E0FE /* SearchLauncher.swift in Sources */,
				61DFC09C1E48A94B0017923C /* AppDelegate.swift in Sources */,
				6184618A1E48DB860062E0FE /* ApiService.swift in Sources */,
				6184618C1E49C8DB0062E0FE /* AnimalDetailViewController.swift in Sources */,
				6184618E1E49E26D0062E0FE /* DetailCell.swift in Sources */,
				618461C01E4C293B0062E0FE /* MenuBar.swift in Sources */,
				61DFC0B11E48B7780017923C /* AnimalCell.swift in Sources */,
			);
			runOnlyForDeploymentPostprocessing = 0;
		};
/* End PBXSourcesBuildPhase section */

/* Begin PBXVariantGroup section */
		61DFC0A41E48A94B0017923C /* LaunchScreen.storyboard */ = {
			isa = PBXVariantGroup;
			children = (
				61DFC0A51E48A94B0017923C /* Base */,
			);
			name = LaunchScreen.storyboard;
			sourceTree = "<group>";
		};
/* End PBXVariantGroup section */

/* Begin XCBuildConfiguration section */
		61DFC0A81E48A94B0017923C /* Debug */ = {
			isa = XCBuildConfiguration;
			buildSettings = {
				ALWAYS_SEARCH_USER_PATHS = NO;
				CLANG_ANALYZER_NONNULL = YES;
				CLANG_CXX_LANGUAGE_STANDARD = "gnu++0x";
				CLANG_CXX_LIBRARY = "libc++";
				CLANG_ENABLE_MODULES = YES;
				CLANG_ENABLE_OBJC_ARC = YES;
				CLANG_WARN_BOOL_CONVERSION = YES;
				CLANG_WARN_CONSTANT_CONVERSION = YES;
				CLANG_WARN_DIRECT_OBJC_ISA_USAGE = YES_ERROR;
				CLANG_WARN_DOCUMENTATION_COMMENTS = YES;
				CLANG_WARN_EMPTY_BODY = YES;
				CLANG_WARN_ENUM_CONVERSION = YES;
				CLANG_WARN_INFINITE_RECURSION = YES;
				CLANG_WARN_INT_CONVERSION = YES;
				CLANG_WARN_OBJC_ROOT_CLASS = YES_ERROR;
				CLANG_WARN_SUSPICIOUS_MOVE = YES;
				CLANG_WARN_UNREACHABLE_CODE = YES;
				CLANG_WARN__DUPLICATE_METHOD_MATCH = YES;
				"CODE_SIGN_IDENTITY[sdk=iphoneos*]" = "iPhone Developer";
				COPY_PHASE_STRIP = NO;
				DEBUG_INFORMATION_FORMAT = dwarf;
				ENABLE_STRICT_OBJC_MSGSEND = YES;
				ENABLE_TESTABILITY = YES;
				GCC_C_LANGUAGE_STANDARD = gnu99;
				GCC_DYNAMIC_NO_PIC = NO;
				GCC_NO_COMMON_BLOCKS = YES;
				GCC_OPTIMIZATION_LEVEL = 0;
				GCC_PREPROCESSOR_DEFINITIONS = (
					"DEBUG=1",
					"$(inherited)",
				);
				GCC_WARN_64_TO_32_BIT_CONVERSION = YES;
				GCC_WARN_ABOUT_RETURN_TYPE = YES_ERROR;
				GCC_WARN_UNDECLARED_SELECTOR = YES;
				GCC_WARN_UNINITIALIZED_AUTOS = YES_AGGRESSIVE;
				GCC_WARN_UNUSED_FUNCTION = YES;
				GCC_WARN_UNUSED_VARIABLE = YES;
				IPHONEOS_DEPLOYMENT_TARGET = 10.2;
				MTL_ENABLE_DEBUG_INFO = YES;
				ONLY_ACTIVE_ARCH = YES;
				SDKROOT = iphoneos;
				SWIFT_ACTIVE_COMPILATION_CONDITIONS = DEBUG;
				SWIFT_OPTIMIZATION_LEVEL = "-Onone";
				TARGETED_DEVICE_FAMILY = "1,2";
			};
			name = Debug;
		};
		61DFC0A91E48A94B0017923C /* Release */ = {
			isa = XCBuildConfiguration;
			buildSettings = {
				ALWAYS_SEARCH_USER_PATHS = NO;
				CLANG_ANALYZER_NONNULL = YES;
				CLANG_CXX_LANGUAGE_STANDARD = "gnu++0x";
				CLANG_CXX_LIBRARY = "libc++";
				CLANG_ENABLE_MODULES = YES;
				CLANG_ENABLE_OBJC_ARC = YES;
				CLANG_WARN_BOOL_CONVERSION = YES;
				CLANG_WARN_CONSTANT_CONVERSION = YES;
				CLANG_WARN_DIRECT_OBJC_ISA_USAGE = YES_ERROR;
				CLANG_WARN_DOCUMENTATION_COMMENTS = YES;
				CLANG_WARN_EMPTY_BODY = YES;
				CLANG_WARN_ENUM_CONVERSION = YES;
				CLANG_WARN_INFINITE_RECURSION = YES;
				CLANG_WARN_INT_CONVERSION = YES;
				CLANG_WARN_OBJC_ROOT_CLASS = YES_ERROR;
				CLANG_WARN_SUSPICIOUS_MOVE = YES;
				CLANG_WARN_UNREACHABLE_CODE = YES;
				CLANG_WARN__DUPLICATE_METHOD_MATCH = YES;
				"CODE_SIGN_IDENTITY[sdk=iphoneos*]" = "iPhone Developer";
				COPY_PHASE_STRIP = NO;
				DEBUG_INFORMATION_FORMAT = "dwarf-with-dsym";
				ENABLE_NS_ASSERTIONS = NO;
				ENABLE_STRICT_OBJC_MSGSEND = YES;
				GCC_C_LANGUAGE_STANDARD = gnu99;
				GCC_NO_COMMON_BLOCKS = YES;
				GCC_WARN_64_TO_32_BIT_CONVERSION = YES;
				GCC_WARN_ABOUT_RETURN_TYPE = YES_ERROR;
				GCC_WARN_UNDECLARED_SELECTOR = YES;
				GCC_WARN_UNINITIALIZED_AUTOS = YES_AGGRESSIVE;
				GCC_WARN_UNUSED_FUNCTION = YES;
				GCC_WARN_UNUSED_VARIABLE = YES;
				IPHONEOS_DEPLOYMENT_TARGET = 10.2;
				MTL_ENABLE_DEBUG_INFO = NO;
				SDKROOT = iphoneos;
				SWIFT_OPTIMIZATION_LEVEL = "-Owholemodule";
				TARGETED_DEVICE_FAMILY = "1,2";
				VALIDATE_PRODUCT = YES;
			};
			name = Release;
		};
		61DFC0AB1E48A94B0017923C /* Debug */ = {
			isa = XCBuildConfiguration;
			baseConfigurationReference = A4CC2BD5737D4B3B3081DB26 /* Pods-aniamal-adoption.debug.xcconfig */;
			buildSettings = {
				ASSETCATALOG_COMPILER_APPICON_NAME = AppIcon;
				DEVELOPMENT_TEAM = 4ANE8KXCD8;
				INFOPLIST_FILE = "aniamal-adoption/Info.plist";
				LD_RUNPATH_SEARCH_PATHS = "$(inherited) @executable_path/Frameworks";
				PRODUCT_BUNDLE_IDENTIFIER = "vanness-wu.animal-adoption";
				PRODUCT_NAME = "$(TARGET_NAME)";
				SWIFT_VERSION = 3.0;
			};
			name = Debug;
		};
		61DFC0AC1E48A94B0017923C /* Release */ = {
			isa = XCBuildConfiguration;
			baseConfigurationReference = 78CDC2F20FFBC07627F21866 /* Pods-aniamal-adoption.release.xcconfig */;
			buildSettings = {
				ASSETCATALOG_COMPILER_APPICON_NAME = AppIcon;
				DEVELOPMENT_TEAM = 4ANE8KXCD8;
				INFOPLIST_FILE = "aniamal-adoption/Info.plist";
				LD_RUNPATH_SEARCH_PATHS = "$(inherited) @executable_path/Frameworks";
				PRODUCT_BUNDLE_IDENTIFIER = "vanness-wu.animal-adoption";
				PRODUCT_NAME = "$(TARGET_NAME)";
				SWIFT_VERSION = 3.0;
			};
			name = Release;
		};
/* End XCBuildConfiguration section */

/* Begin XCConfigurationList section */
		61DFC0931E48A94A0017923C /* Build configuration list for PBXProject "animal-adoption" */ = {
			isa = XCConfigurationList;
			buildConfigurations = (
				61DFC0A81E48A94B0017923C /* Debug */,
				61DFC0A91E48A94B0017923C /* Release */,
			);
			defaultConfigurationIsVisible = 0;
			defaultConfigurationName = Release;
		};
		61DFC0AA1E48A94B0017923C /* Build configuration list for PBXNativeTarget "animal-adoption" */ = {
			isa = XCConfigurationList;
			buildConfigurations = (
				61DFC0AB1E48A94B0017923C /* Debug */,
				61DFC0AC1E48A94B0017923C /* Release */,
			);
			defaultConfigurationIsVisible = 0;
			defaultConfigurationName = Release;
		};
/* End XCConfigurationList section */
	};
	rootObject = 61DFC0901E48A94A0017923C /* Project object */;
}
